// !$*UTF8*$!
{
	archiveVersion = 1;
	classes = {
	};
	objectVersion = 46;
	objects = {

/* Begin PBXBuildFile section */
		270390771E1BF6A400C964E1 /* AppDelegate.swift in Sources */ = {isa = PBXBuildFile; fileRef = 270390761E1BF6A400C964E1 /* AppDelegate.swift */; };
		270390791E1BF6A400C964E1 /* ViewController.swift in Sources */ = {isa = PBXBuildFile; fileRef = 270390781E1BF6A400C964E1 /* ViewController.swift */; };
		2703907C1E1BF6A400C964E1 /* Main.storyboard in Resources */ = {isa = PBXBuildFile; fileRef = 2703907A1E1BF6A400C964E1 /* Main.storyboard */; };
		2703907E1E1BF6A400C964E1 /* Assets.xcassets in Resources */ = {isa = PBXBuildFile; fileRef = 2703907D1E1BF6A400C964E1 /* Assets.xcassets */; };
		270390811E1BF6A400C964E1 /* LaunchScreen.storyboard in Resources */ = {isa = PBXBuildFile; fileRef = 2703907F1E1BF6A400C964E1 /* LaunchScreen.storyboard */; };
		270390891E1BF6B500C964E1 /* ZNABAB.swift in Sources */ = {isa = PBXBuildFile; fileRef = 270390881E1BF6B500C964E1 /* ZNABAB.swift */; };
/* End PBXBuildFile section */

/* Begin PBXFileReference section */
		270390731E1BF6A400C964E1 /* ZNABAB.app */ = {isa = PBXFileReference; explicitFileType = wrapper.application; includeInIndex = 0; path = ZNABAB.app; sourceTree = BUILT_PRODUCTS_DIR; };
		270390761E1BF6A400C964E1 /* AppDelegate.swift */ = {isa = PBXFileReference; lastKnownFileType = sourcecode.swift; path = AppDelegate.swift; sourceTree = "<group>"; };
		270390781E1BF6A400C964E1 /* ViewController.swift */ = {isa = PBXFileReference; lastKnownFileType = sourcecode.swift; path = ViewController.swift; sourceTree = "<group>"; };
		2703907B1E1BF6A400C964E1 /* Base */ = {isa = PBXFileReference; lastKnownFileType = file.storyboard; name = Base; path = Base.lproj/Main.storyboard; sourceTree = "<group>"; };
		2703907D1E1BF6A400C964E1 /* Assets.xcassets */ = {isa = PBXFileReference; lastKnownFileType = folder.assetcatalog; path = Assets.xcassets; sourceTree = "<group>"; };
		270390801E1BF6A400C964E1 /* Base */ = {isa = PBXFileReference; lastKnownFileType = file.storyboard; name = Base; path = Base.lproj/LaunchScreen.storyboard; sourceTree = "<group>"; };
		270390821E1BF6A400C964E1 /* Info.plist */ = {isa = PBXFileReference; lastKnownFileType = text.plist.xml; path = Info.plist; sourceTree = "<group>"; };
		270390881E1BF6B500C964E1 /* ZNABAB.swift */ = {isa = PBXFileReference; fileEncoding = 4; lastKnownFileType = sourcecode.swift; path = ZNABAB.swift; sourceTree = "<group>"; };
/* End PBXFileReference section */

/* Begin PBXFrameworksBuildPhase section */
		270390701E1BF6A400C964E1 /* Frameworks */ = {
			isa = PBXFrameworksBuildPhase;
			buildActionMask = 2147483647;
			files = (
			);
			runOnlyForDeploymentPostprocessing = 0;
		};
/* End PBXFrameworksBuildPhase section */

/* Begin PBXGroup section */
		2703906A1E1BF6A400C964E1 = {
			isa = PBXGroup;
			children = (
				270390751E1BF6A400C964E1 /* ZNABAB */,
				270390741E1BF6A400C964E1 /* Products */,
			);
			sourceTree = "<group>";
		};
		270390741E1BF6A400C964E1 /* Products */ = {
			isa = PBXGroup;
			children = (
				270390731E1BF6A400C964E1 /* ZNABAB.app */,
			);
			name = Products;
			sourceTree = "<group>";
		};
		270390751E1BF6A400C964E1 /* ZNABAB */ = {
			isa = PBXGroup;
			children = (
				270390761E1BF6A400C964E1 /* AppDelegate.swift */,
				270390781E1BF6A400C964E1 /* ViewController.swift */,
				2703907A1E1BF6A400C964E1 /* Main.storyboard */,
				2703907D1E1BF6A400C964E1 /* Assets.xcassets */,
				2703907F1E1BF6A400C964E1 /* LaunchScreen.storyboard */,
				270390821E1BF6A400C964E1 /* Info.plist */,
				270390881E1BF6B500C964E1 /* ZNABAB.swift */,
			);
			path = ZNABAB;
			sourceTree = "<group>";
		};
/* End PBXGroup section */

/* Begin PBXNativeTarget section */
		270390721E1BF6A400C964E1 /* ZNABAB */ = {
			isa = PBXNativeTarget;
			buildConfigurationList = 270390851E1BF6A400C964E1 /* Build configuration list for PBXNativeTarget "ZNABAB" */;
			buildPhases = (
				2703906F1E1BF6A400C964E1 /* Sources */,
				270390701E1BF6A400C964E1 /* Frameworks */,
				270390711E1BF6A400C964E1 /* Resources */,
			);
			buildRules = (
			);
			dependencies = (
			);
			name = ZNABAB;
			productName = ZNABAB;
			productReference = 270390731E1BF6A400C964E1 /* ZNABAB.app */;
			productType = "com.apple.product-type.application";
		};
/* End PBXNativeTarget section */

/* Begin PBXProject section */
		2703906B1E1BF6A400C964E1 /* Project object */ = {
			isa = PBXProject;
			attributes = {
				LastSwiftUpdateCheck = 0820;
				LastUpgradeCheck = 0820;
				ORGANIZATIONNAME = "赵恩峰";
				TargetAttributes = {
					270390721E1BF6A400C964E1 = {
						CreatedOnToolsVersion = 8.2.1;
						ProvisioningStyle = Automatic;
					};
				};
			};
			buildConfigurationList = 2703906E1E1BF6A400C964E1 /* Build configuration list for PBXProject "ZNABAB" */;
			compatibilityVersion = "Xcode 3.2";
			developmentRegion = English;
			hasScannedForEncodings = 0;
			knownRegions = (
				en,
				Base,
			);
			mainGroup = 2703906A1E1BF6A400C964E1;
			productRefGroup = 270390741E1BF6A400C964E1 /* Products */;
			projectDirPath = "";
			projectRoot = "";
			targets = (
				270390721E1BF6A400C964E1 /* ZNABAB */,
			);
		};
/* End PBXProject section */

/* Begin PBXResourcesBuildPhase section */
		270390711E1BF6A400C964E1 /* Resources */ = {
			isa = PBXResourcesBuildPhase;
			buildActionMask = 2147483647;
			files = (
				270390811E1BF6A400C964E1 /* LaunchScreen.storyboard in Resources */,
				2703907E1E1BF6A400C964E1 /* Assets.xcassets in Resources */,
				2703907C1E1BF6A400C964E1 /* Main.storyboard in Resources */,
			);
			runOnlyForDeploymentPostprocessing = 0;
		};
/* End PBXResourcesBuildPhase section */

/* Begin PBXSourcesBuildPhase section */
		2703906F1E1BF6A400C964E1 /* Sources */ = {
			isa = PBXSourcesBuildPhase;
			buildActionMask = 2147483647;
			files = (
				270390791E1BF6A400C964E1 /* ViewController.swift in Sources */,
				270390771E1BF6A400C964E1 /* AppDelegate.swift in Sources */,
				270390891E1BF6B500C964E1 /* ZNABAB.swift in Sources */,
			);
			runOnlyForDeploymentPostprocessing = 0;
		};
/* End PBXSourcesBuildPhase section */

/* Begin PBXVariantGroup section */
		2703907A1E1BF6A400C964E1 /* Main.storyboard */ = {
			isa = PBXVariantGroup;
			children = (
				2703907B1E1BF6A400C964E1 /* Base */,
			);
			name = Main.storyboard;
			sourceTree = "<group>";
		};
		2703907F1E1BF6A400C964E1 /* LaunchScreen.storyboard */ = {
			isa = PBXVariantGroup;
			children = (
				270390801E1BF6A400C964E1 /* Base */,
			);
			name = LaunchScreen.storyboard;
			sourceTree = "<group>";
		};
/* End PBXVariantGroup section */

/* Begin XCBuildConfiguration section */
		270390831E1BF6A400C964E1 /* Debug */ = {
			isa = XCBuildConfiguration;
			buildSettings = {
				ALWAYS_SEARCH_USER_PATHS = NO;
				CLANG_ANALYZER_NONNULL = YES;
				CLANG_CXX_LANGUAGE_STANDARD = "gnu++0x";
				CLANG_CXX_LIBRARY = "libc++";
				CLANG_ENABLE_MODULES = YES;
				CLANG_ENABLE_OBJC_ARC = YES;
				CLANG_WARN_BOOL_CONVERSION = YES;
				CLANG_WARN_CONSTANT_CONVERSION = YES;
				CLANG_WARN_DIRECT_OBJC_ISA_USAGE = YES_ERROR;
				CLANG_WARN_DOCUMENTATION_COMMENTS = YES;
				CLANG_WARN_EMPTY_BODY = YES;
				CLANG_WARN_ENUM_CONVERSION = YES;
				CLANG_WARN_INFINITE_RECURSION = YES;
				CLANG_WARN_INT_CONVERSION = YES;
				CLANG_WARN_OBJC_ROOT_CLASS = YES_ERROR;
				CLANG_WARN_SUSPICIOUS_MOVE = YES;
				CLANG_WARN_UNREACHABLE_CODE = YES;
				CLANG_WARN__DUPLICATE_METHOD_MATCH = YES;
				"CODE_SIGN_IDENTITY[sdk=iphoneos*]" = "iPhone Developer";
				COPY_PHASE_STRIP = NO;
				DEBUG_INFORMATION_FORMAT = dwarf;
				ENABLE_STRICT_OBJC_MSGSEND = YES;
				ENABLE_TESTABILITY = YES;
				GCC_C_LANGUAGE_STANDARD = gnu99;
				GCC_DYNAMIC_NO_PIC = NO;
				GCC_NO_COMMON_BLOCKS = YES;
				GCC_OPTIMIZATION_LEVEL = 0;
				GCC_PREPROCESSOR_DEFINITIONS = (
					"DEBUG=1",
					"$(inherited)",
				);
				GCC_WARN_64_TO_32_BIT_CONVERSION = YES;
				GCC_WARN_ABOUT_RETURN_TYPE = YES_ERROR;
				GCC_WARN_UNDECLARED_SELECTOR = YES;
				GCC_WARN_UNINITIALIZED_AUTOS = YES_AGGRESSIVE;
				GCC_WARN_UNUSED_FUNCTION = YES;
				GCC_WARN_UNUSED_VARIABLE = YES;
				IPHONEOS_DEPLOYMENT_TARGET = 10.2;
				MTL_ENABLE_DEBUG_INFO = YES;
				ONLY_ACTIVE_ARCH = YES;
				SDKROOT = iphoneos;
				SWIFT_ACTIVE_COMPILATION_CONDITIONS = DEBUG;
				SWIFT_OPTIMIZATION_LEVEL = "-Onone";
			};
			name = Debug;
		};
		270390841E1BF6A400C964E1 /* Release */ = {
			isa = XCBuildConfiguration;
			buildSettings = {
				ALWAYS_SEARCH_USER_PATHS = NO;
				CLANG_ANALYZER_NONNULL = YES;
				CLANG_CXX_LANGUAGE_STANDARD = "gnu++0x";
				CLANG_CXX_LIBRARY = "libc++";
				CLANG_ENABLE_MODULES = YES;
				CLANG_ENABLE_OBJC_ARC = YES;
				CLANG_WARN_BOOL_CONVERSION = YES;
				CLANG_WARN_CONSTANT_CONVERSION = YES;
				CLANG_WARN_DIRECT_OBJC_ISA_USAGE = YES_ERROR;
				CLANG_WARN_DOCUMENTATION_COMMENTS = YES;
				CLANG_WARN_EMPTY_BODY = YES;
				CLANG_WARN_ENUM_CONVERSION = YES;
				CLANG_WARN_INFINITE_RECURSION = YES;
				CLANG_WARN_INT_CONVERSION = YES;
				CLANG_WARN_OBJC_ROOT_CLASS = YES_ERROR;
				CLANG_WARN_SUSPICIOUS_MOVE = YES;
				CLANG_WARN_UNREACHABLE_CODE = YES;
				CLANG_WARN__DUPLICATE_METHOD_MATCH = YES;
				"CODE_SIGN_IDENTITY[sdk=iphoneos*]" = "iPhone Developer";
				COPY_PHASE_STRIP = NO;
				DEBUG_INFORMATION_FORMAT = "dwarf-with-dsym";
				ENABLE_NS_ASSERTIONS = NO;
				ENABLE_STRICT_OBJC_MSGSEND = YES;
				GCC_C_LANGUAGE_STANDARD = gnu99;
				GCC_NO_COMMON_BLOCKS = YES;
				GCC_WARN_64_TO_32_BIT_CONVERSION = YES;
				GCC_WARN_ABOUT_RETURN_TYPE = YES_ERROR;
				GCC_WARN_UNDECLARED_SELECTOR = YES;
				GCC_WARN_UNINITIALIZED_AUTOS = YES_AGGRESSIVE;
				GCC_WARN_UNUSED_FUNCTION = YES;
				GCC_WARN_UNUSED_VARIABLE = YES;
				IPHONEOS_DEPLOYMENT_TARGET = 10.2;
				MTL_ENABLE_DEBUG_INFO = NO;
				SDKROOT = iphoneos;
				SWIFT_OPTIMIZATION_LEVEL = "-Owholemodule";
				VALIDATE_PRODUCT = YES;
			};
			name = Release;
		};
		270390861E1BF6A400C964E1 /* Debug */ = {
			isa = XCBuildConfiguration;
			buildSettings = {
				ASSETCATALOG_COMPILER_APPICON_NAME = AppIcon;
				INFOPLIST_FILE = ZNABAB/Info.plist;
				LD_RUNPATH_SEARCH_PATHS = "$(inherited) @executable_path/Frameworks";
				PRODUCT_BUNDLE_IDENTIFIER = com.zhao95.ZNABAB;
				PRODUCT_NAME = "$(TARGET_NAME)";
				SWIFT_VERSION = 3.0;
			};
			name = Debug;
		};
		270390871E1BF6A400C964E1 /* Release */ = {
			isa = XCBuildConfiguration;
			buildSettings = {
				ASSETCATALOG_COMPILER_APPICON_NAME = AppIcon;
				INFOPLIST_FILE = ZNABAB/Info.plist;
				LD_RUNPATH_SEARCH_PATHS = "$(inherited) @executable_path/Frameworks";
				PRODUCT_BUNDLE_IDENTIFIER = com.zhao95.ZNABAB;
				PRODUCT_NAME = "$(TARGET_NAME)";
				SWIFT_VERSION = 3.0;
			};
			name = Release;
		};
/* End XCBuildConfiguration section */

/* Begin XCConfigurationList section */
		2703906E1E1BF6A400C964E1 /* Build configuration list for PBXProject "ZNABAB" */ = {
			isa = XCConfigurationList;
			buildConfigurations = (
				270390831E1BF6A400C964E1 /* Debug */,
				270390841E1BF6A400C964E1 /* Release */,
			);
			defaultConfigurationIsVisible = 0;
			defaultConfigurationName = Release;
		};
		270390851E1BF6A400C964E1 /* Build configuration list for PBXNativeTarget "ZNABAB" */ = {
			isa = XCConfigurationList;
			buildConfigurations = (
				270390861E1BF6A400C964E1 /* Debug */,
				270390871E1BF6A400C964E1 /* Release */,
			);
			defaultConfigurationIsVisible = 0;
		};
/* End XCConfigurationList section */
	};
	rootObject = 2703906B1E1BF6A400C964E1 /* Project object */;
}
